
Microsoft Visual Studio Solution File, Format Version 12.00
# Visual Studio Version 17
VisualStudioVersion = 17.12.35527.113
MinimumVisualStudioVersion = 10.0.40219.1
Project("{2150E333-8FDC-42A3-9474-1A3956D46DE8}") = "Services", "Services", "{22C68454-E1D4-4ABF-8058-B59E356222BA}"
EndProject
Project("{2150E333-8FDC-42A3-9474-1A3956D46DE8}") = "Catalog", "Catalog", "{74E81572-B9C0-4CD7-B7D8-5D41545A5B4A}"
EndProject
Project("{FAE04EC0-301F-11D3-BF4B-00C04F79EFBC}") = "MultiShop.Catalog", "Services\Catalog\MultiShop.Catalog\MultiShop.Catalog.csproj", "{887BB291-4678-4810-8491-03C59D4AB43A}"
EndProject
Project("{2150E333-8FDC-42A3-9474-1A3956D46DE8}") = "Discount", "Discount", "{9B5BEE3B-826B-494E-AACF-E910490E60CF}"
EndProject
Project("{FAE04EC0-301F-11D3-BF4B-00C04F79EFBC}") = "MultiShop.Discount", "Services\Discount\MultiShop.Discount\MultiShop.Discount.csproj", "{5C78E2F9-F1DA-4ECA-81A4-5A548EDC91ED}"
EndProject
Project("{2150E333-8FDC-42A3-9474-1A3956D46DE8}") = "Order", "Order", "{8D02482E-B8FA-4C0B-AA15-5D3C4EB8715E}"
EndProject
Project("{2150E333-8FDC-42A3-9474-1A3956D46DE8}") = "Core", "Core", "{A957DD64-34EE-4EDD-9EAE-191C2CAAF77A}"
EndProject
Project("{2150E333-8FDC-42A3-9474-1A3956D46DE8}") = "Infrastructure", "Infrastructure", "{6CF5B79E-0683-4ADC-B639-21F4A1AD5A50}"
EndProject
Project("{2150E333-8FDC-42A3-9474-1A3956D46DE8}") = "Presentation", "Presentation", "{0AF40F34-22C1-46EB-A108-62E6FF9F7417}"
EndProject
Project("{FAE04EC0-301F-11D3-BF4B-00C04F79EFBC}") = "MultiShop.Order.Domain", "Services\Order\Core\MultiShop.Order.Domain\MultiShop.Order.Domain.csproj", "{0D7D2DF8-362C-462B-98CF-3CC9BE3801CE}"
EndProject
Project("{FAE04EC0-301F-11D3-BF4B-00C04F79EFBC}") = "MultiShop.Order.Application", "Services\Order\Core\MultiShop.Order.Application\MultiShop.Order.Application.csproj", "{232E96EE-F015-4C7D-8E24-EFE6224A93BB}"
EndProject
Project("{FAE04EC0-301F-11D3-BF4B-00C04F79EFBC}") = "MultiShop.Order.Persistence", "Services\Order\Infrastructure\MultiShop.Order.Persistence\MultiShop.Order.Persistence.csproj", "{0FA44EFB-21E1-4AB5-A934-38876FB5B205}"
EndProject
Project("{FAE04EC0-301F-11D3-BF4B-00C04F79EFBC}") = "MultiShop.Order.WebApi", "Order\Presentation\MultiShop.Order.WebApi\MultiShop.Order.WebApi.csproj", "{FD86B940-6C89-485D-A661-6C3458BE6A63}"
EndProject
Global
	GlobalSection(SolutionConfigurationPlatforms) = preSolution
		Debug|Any CPU = Debug|Any CPU
		Release|Any CPU = Release|Any CPU
	EndGlobalSection
	GlobalSection(ProjectConfigurationPlatforms) = postSolution
		{887BB291-4678-4810-8491-03C59D4AB43A}.Debug|Any CPU.ActiveCfg = Debug|Any CPU
		{887BB291-4678-4810-8491-03C59D4AB43A}.Debug|Any CPU.Build.0 = Debug|Any CPU
		{887BB291-4678-4810-8491-03C59D4AB43A}.Release|Any CPU.ActiveCfg = Release|Any CPU
		{887BB291-4678-4810-8491-03C59D4AB43A}.Release|Any CPU.Build.0 = Release|Any CPU
		{5C78E2F9-F1DA-4ECA-81A4-5A548EDC91ED}.Debug|Any CPU.ActiveCfg = Debug|Any CPU
		{5C78E2F9-F1DA-4ECA-81A4-5A548EDC91ED}.Debug|Any CPU.Build.0 = Debug|Any CPU
		{5C78E2F9-F1DA-4ECA-81A4-5A548EDC91ED}.Release|Any CPU.ActiveCfg = Release|Any CPU
		{5C78E2F9-F1DA-4ECA-81A4-5A548EDC91ED}.Release|Any CPU.Build.0 = Release|Any CPU
		{0D7D2DF8-362C-462B-98CF-3CC9BE3801CE}.Debug|Any CPU.ActiveCfg = Debug|Any CPU
		{0D7D2DF8-362C-462B-98CF-3CC9BE3801CE}.Debug|Any CPU.Build.0 = Debug|Any CPU
		{0D7D2DF8-362C-462B-98CF-3CC9BE3801CE}.Release|Any CPU.ActiveCfg = Release|Any CPU
		{0D7D2DF8-362C-462B-98CF-3CC9BE3801CE}.Release|Any CPU.Build.0 = Release|Any CPU
		{232E96EE-F015-4C7D-8E24-EFE6224A93BB}.Debug|Any CPU.ActiveCfg = Debug|Any CPU
		{232E96EE-F015-4C7D-8E24-EFE6224A93BB}.Debug|Any CPU.Build.0 = Debug|Any CPU
		{232E96EE-F015-4C7D-8E24-EFE6224A93BB}.Release|Any CPU.ActiveCfg = Release|Any CPU
		{232E96EE-F015-4C7D-8E24-EFE6224A93BB}.Release|Any CPU.Build.0 = Release|Any CPU
		{0FA44EFB-21E1-4AB5-A934-38876FB5B205}.Debug|Any CPU.ActiveCfg = Debug|Any CPU
		{0FA44EFB-21E1-4AB5-A934-38876FB5B205}.Debug|Any CPU.Build.0 = Debug|Any CPU
		{0FA44EFB-21E1-4AB5-A934-38876FB5B205}.Release|Any CPU.ActiveCfg = Release|Any CPU
		{0FA44EFB-21E1-4AB5-A934-38876FB5B205}.Release|Any CPU.Build.0 = Release|Any CPU
		{FD86B940-6C89-485D-A661-6C3458BE6A63}.Debug|Any CPU.ActiveCfg = Debug|Any CPU
		{FD86B940-6C89-485D-A661-6C3458BE6A63}.Debug|Any CPU.Build.0 = Debug|Any CPU
		{FD86B940-6C89-485D-A661-6C3458BE6A63}.Release|Any CPU.ActiveCfg = Release|Any CPU
		{FD86B940-6C89-485D-A661-6C3458BE6A63}.Release|Any CPU.Build.0 = Release|Any CPU
	EndGlobalSection
	GlobalSection(SolutionProperties) = preSolution
		HideSolutionNode = FALSE
	EndGlobalSection
	GlobalSection(NestedProjects) = preSolution
		{74E81572-B9C0-4CD7-B7D8-5D41545A5B4A} = {22C68454-E1D4-4ABF-8058-B59E356222BA}
		{887BB291-4678-4810-8491-03C59D4AB43A} = {74E81572-B9C0-4CD7-B7D8-5D41545A5B4A}
		{9B5BEE3B-826B-494E-AACF-E910490E60CF} = {22C68454-E1D4-4ABF-8058-B59E356222BA}
		{5C78E2F9-F1DA-4ECA-81A4-5A548EDC91ED} = {9B5BEE3B-826B-494E-AACF-E910490E60CF}
		{8D02482E-B8FA-4C0B-AA15-5D3C4EB8715E} = {22C68454-E1D4-4ABF-8058-B59E356222BA}
		{A957DD64-34EE-4EDD-9EAE-191C2CAAF77A} = {8D02482E-B8FA-4C0B-AA15-5D3C4EB8715E}
		{6CF5B79E-0683-4ADC-B639-21F4A1AD5A50} = {8D02482E-B8FA-4C0B-AA15-5D3C4EB8715E}
		{0AF40F34-22C1-46EB-A108-62E6FF9F7417} = {8D02482E-B8FA-4C0B-AA15-5D3C4EB8715E}
		{0D7D2DF8-362C-462B-98CF-3CC9BE3801CE} = {A957DD64-34EE-4EDD-9EAE-191C2CAAF77A}
		{232E96EE-F015-4C7D-8E24-EFE6224A93BB} = {A957DD64-34EE-4EDD-9EAE-191C2CAAF77A}
		{0FA44EFB-21E1-4AB5-A934-38876FB5B205} = {6CF5B79E-0683-4ADC-B639-21F4A1AD5A50}
		{FD86B940-6C89-485D-A661-6C3458BE6A63} = {0AF40F34-22C1-46EB-A108-62E6FF9F7417}
	EndGlobalSection
EndGlobal
